
Microsoft Visual Studio Solution File, Format Version 12.00
# Visual Studio Version 17
VisualStudioVersion = 17.10.35004.147
MinimumVisualStudioVersion = 10.0.40219.1
Project("{FAE04EC0-301F-11D3-BF4B-00C04F79EFBC}") = "SpinDreidelApp", "Day-01\SpinDreidelApp\SpinDreidelApp.csproj", "{1BD50C1E-5FE3-404C-902B-B8AEEDC2EDD6}"
EndProject
Global
	GlobalSection(SolutionConfigurationPlatforms) = preSolution
		Debug|Any CPU = Debug|Any CPU
		Release|Any CPU = Release|Any CPU
	EndGlobalSection
	GlobalSection(ProjectConfigurationPlatforms) = postSolution
		{1BD50C1E-5FE3-404C-902B-B8AEEDC2EDD6}.Debug|Any CPU.ActiveCfg = Debug|Any CPU
		{1BD50C1E-5FE3-404C-902B-B8AEEDC2EDD6}.Debug|Any CPU.Build.0 = Debug|Any CPU
		{1BD50C1E-5FE3-404C-902B-B8AEEDC2EDD6}.Release|Any CPU.ActiveCfg = Release|Any CPU
		{1BD50C1E-5FE3-404C-902B-B8AEEDC2EDD6}.Release|Any CPU.Build.0 = Release|Any CPU
	EndGlobalSection
	GlobalSection(SolutionProperties) = preSolution
		HideSolutionNode = FALSE
	EndGlobalSection
	GlobalSection(ExtensibilityGlobals) = postSolution
		SolutionGuid = {8CF310E5-A7C6-4DCD-AE3E-85A5535D5B24}
	EndGlobalSection
EndGlobal
