
Microsoft Visual Studio Solution File, Format Version 12.00
# Visual Studio Version 18
VisualStudioVersion = 18.3.11310.294
MinimumVisualStudioVersion = 10.0.40219.1
Project("{9A19103F-16F7-4668-BE54-9A1E7A4F7556}") = "SpinDreidelApp", "Day-01\SpinDreidelApp\SpinDreidelApp.csproj", "{1BD50C1E-5FE3-404C-902B-B8AEEDC2EDD6}"
EndProject
Project("{9A19103F-16F7-4668-BE54-9A1E7A4F7556}") = "GitHubWebhookTriggerApp", "Day-03\GitHubWebhookTriggerApp\GitHubWebhookTriggerApp.csproj", "{3B21BB58-AC23-4F8A-A21A-5490E18A7C5D}"
EndProject
Project("{9A19103F-16F7-4668-BE54-9A1E7A4F7556}") = "PotluckManagerApp", "Day-04\PotluckManagerApp\PotluckManagerApp.csproj", "{558C6BDE-47A5-43B4-8B44-6D1F2B01974A}"
EndProject
Project("{9A19103F-16F7-4668-BE54-9A1E7A4F7556}") = "SentimentAnalyzerApp", "Day-05\SentimentAnalyzerApp\SentimentAnalyzerApp.csproj", "{7EB57019-FE5A-49B2-AD22-D74FF8CD693A}"
EndProject
Project("{9A19103F-16F7-4668-BE54-9A1E7A4F7556}") = "ReminderSchedulerApp", "Day-06\ReminderSchedulerApp\ReminderSchedulerApp.csproj", "{1FAF7B49-5CD4-4649-9958-1D4CD2A35CC5}"
EndProject
Project("{9A19103F-16F7-4668-BE54-9A1E7A4F7556}") = "FindImageApp", "Day-07\FindImageApp\FindImageApp.csproj", "{43C3706C-AFF5-45E0-884D-41AE5651B5C8}"
EndProject
Project("{9A19103F-16F7-4668-BE54-9A1E7A4F7556}") = "GitHubWebhookHandlerApp", "Day-09\GitHubWebhookHandlerApp\GitHubWebhookHandlerApp.csproj", "{F318EC71-9895-44FB-9E01-18FBC7942583}"
EndProject
Project("{9A19103F-16F7-4668-BE54-9A1E7A4F7556}") = "DealSeekerApp", "Day-10\DealSeekerApp\DealSeekerApp.csproj", "{5567C2D4-8294-4D33-B1ED-B27A4B15B019}"
EndProject
Project("{9A19103F-16F7-4668-BE54-9A1E7A4F7556}") = "WishListApp", "Day-11\WishListApp\WishListApp.csproj", "{002274B5-96BA-4139-8759-AD455ADBCAC5}"
EndProject
Project("{FAE04EC0-301F-11D3-BF4B-00C04F79EFBC}") = "ChristmasCardApp", "Day-12\ChristmasCardApp\ChristmasCardApp.csproj", "{128FD2EF-EB60-487B-8B20-17DBA8A028D0}"
EndProject
Project("{FAE04EC0-301F-11D3-BF4B-00C04F79EFBC}") = "GetJokeApp", "Day-13\GetJokeApp\GetJokeApp.csproj", "{CFB41758-336D-4908-AA1B-BAAC9BDED3F4}"
EndProject
Project("{FAE04EC0-301F-11D3-BF4B-00C04F79EFBC}") = "GetJokeAppV2", "Day-13\GetJokeAppV2\GetJokeAppV2.csproj", "{BF97332C-801E-4053-B0FD-D6AC36426CD8}"
EndProject
Project("{FAE04EC0-301F-11D3-BF4B-00C04F79EFBC}") = "BlobTriggerFunctionApp", "TestProjects\BlobTriggerFunctionApp\BlobTriggerFunctionApp.csproj", "{C24C402E-1B3F-4C0E-98D8-DCF9407B3ED8}"
EndProject
Project("{FAE04EC0-301F-11D3-BF4B-00C04F79EFBC}") = "BlobTriggerFunctionAppV2", "TestProjects\BlobTriggerFunctionAppV2\BlobTriggerFunctionAppV2.csproj", "{D8A2313D-BD39-442C-A3A1-CAA9B75517DF}"
EndProject
Project("{FAE04EC0-301F-11D3-BF4B-00C04F79EFBC}") = "CosmosDBOutputBindingApp", "TestProjects\CosmosDBOutputBindingApp\CosmosDBOutputBindingApp.csproj", "{F5C79BF1-A6FA-4F64-B2EE-97AC92F85697}"
EndProject
Project("{FAE04EC0-301F-11D3-BF4B-00C04F79EFBC}") = "HttpTriggerFunctionApp", "TestProjects\HttpTriggerFunctionApp\HttpTriggerFunctionApp.csproj", "{7BDF739E-6380-4A82-9D22-A6B322BD871F}"
EndProject
Project("{FAE04EC0-301F-11D3-BF4B-00C04F79EFBC}") = "CosmosDBInputBindingApp", "TestProjects\CosmosDBInputBindingApp\CosmosDBInputBindingApp.csproj", "{B9DF2265-FA6E-463A-B2E3-001866CBBC65}"
EndProject
Project("{FAE04EC0-301F-11D3-BF4B-00C04F79EFBC}") = "BlobTriggerApp", "TestProjects\BlobTriggerApp\BlobTriggerApp.csproj", "{E16865F9-1437-4D3E-BAE9-D42BCFEEDD22}"
EndProject
Project("{FAE04EC0-301F-11D3-BF4B-00C04F79EFBC}") = "JokeContextCreatorApp", "Day-13\JokeContextCreatorApp\JokeContextCreatorApp.csproj", "{D19CEA76-D5FD-4827-A8BE-C65AAE448043}"
EndProject
Project("{FAE04EC0-301F-11D3-BF4B-00C04F79EFBC}") = "JokeOfTheDayApp", "Day-13\JokeOfTheDayApp\JokeOfTheDayApp.csproj", "{5DA29382-79B6-4A8C-B867-5C23566C3E44}"
EndProject
Project("{FAE04EC0-301F-11D3-BF4B-00C04F79EFBC}") = "AiAgentApp", "TestProjects\AiAgentApp\AiAgentApp.csproj", "{DC359349-DD72-4025-BABA-A41FACE91E75}"
EndProject
Project("{FAE04EC0-301F-11D3-BF4B-00C04F79EFBC}") = "MultiAiAgentApp", "TestProjects\MultiAiAgentApp\MultiAiAgentApp.csproj", "{FA2CC165-6228-4755-B64E-0ED015AE8B10}"
EndProject
Project("{FAE04EC0-301F-11D3-BF4B-00C04F79EFBC}") = "MCPToolsWithFoundryAgents", "TestProjects\MCPToolsWithFoundryAgents\MCPToolsWithFoundryAgents.csproj", "{3548C517-41BF-462B-B0D8-FC1CF328A836}"
EndProject
Project("{FAE04EC0-301F-11D3-BF4B-00C04F79EFBC}") = "IotHubClientApp", "Day-17\IotHubClientApp\IotHubClientApp.csproj", "{DF2CF047-99B2-42F5-8B94-030EE08F4913}"
EndProject
Project("{FAE04EC0-301F-11D3-BF4B-00C04F79EFBC}") = "MAFClientApp", "TestProjects\MAFClientApp\MAFClientApp.csproj", "{FB4DD2F1-AE6B-4798-97F6-B047F5783E74}"
EndProject
Project("{FAE04EC0-301F-11D3-BF4B-00C04F79EFBC}") = "AgentOrchestrationMultiLanguageTranslator", "TestProjects\AgentOrchestrationMultiLanguageTranslator\AgentOrchestrationMultiLanguageTranslator.csproj", "{9FD297BE-67B1-4A12-A292-211BF6C5F671}"
EndProject
Project("{FAE04EC0-301F-11D3-BF4B-00C04F79EFBC}") = "a2a-example01", "TestProjects\a2a-example01\a2a-example01.csproj", "{A12D6625-0166-4497-A5D1-5DDFB1C69581}"
EndProject
Project("{FAE04EC0-301F-11D3-BF4B-00C04F79EFBC}") = "AIAgentExample", "AIAgentExample\AIAgentExample.csproj", "{231BCC37-3480-4FCD-8D82-1A36FB1E613D}"
EndProject
Project("{FAE04EC0-301F-11D3-BF4B-00C04F79EFBC}") = "A2ASimpleClient", "A2ASimpleClient\A2ASimpleClient.csproj", "{B925A45A-D41A-49E5-9957-263275E282B3}"
EndProject
Global
	GlobalSection(SolutionConfigurationPlatforms) = preSolution
		Debug|Any CPU = Debug|Any CPU
		Release|Any CPU = Release|Any CPU
	EndGlobalSection
	GlobalSection(ProjectConfigurationPlatforms) = postSolution
		{1BD50C1E-5FE3-404C-902B-B8AEEDC2EDD6}.Debug|Any CPU.ActiveCfg = Debug|Any CPU
		{1BD50C1E-5FE3-404C-902B-B8AEEDC2EDD6}.Debug|Any CPU.Build.0 = Debug|Any CPU
		{1BD50C1E-5FE3-404C-902B-B8AEEDC2EDD6}.Release|Any CPU.ActiveCfg = Release|Any CPU
		{1BD50C1E-5FE3-404C-902B-B8AEEDC2EDD6}.Release|Any CPU.Build.0 = Release|Any CPU
		{3B21BB58-AC23-4F8A-A21A-5490E18A7C5D}.Debug|Any CPU.ActiveCfg = Debug|Any CPU
		{3B21BB58-AC23-4F8A-A21A-5490E18A7C5D}.Debug|Any CPU.Build.0 = Debug|Any CPU
		{3B21BB58-AC23-4F8A-A21A-5490E18A7C5D}.Release|Any CPU.ActiveCfg = Release|Any CPU
		{3B21BB58-AC23-4F8A-A21A-5490E18A7C5D}.Release|Any CPU.Build.0 = Release|Any CPU
		{558C6BDE-47A5-43B4-8B44-6D1F2B01974A}.Debug|Any CPU.ActiveCfg = Debug|Any CPU
		{558C6BDE-47A5-43B4-8B44-6D1F2B01974A}.Debug|Any CPU.Build.0 = Debug|Any CPU
		{558C6BDE-47A5-43B4-8B44-6D1F2B01974A}.Release|Any CPU.ActiveCfg = Release|Any CPU
		{558C6BDE-47A5-43B4-8B44-6D1F2B01974A}.Release|Any CPU.Build.0 = Release|Any CPU
		{7EB57019-FE5A-49B2-AD22-D74FF8CD693A}.Debug|Any CPU.ActiveCfg = Debug|Any CPU
		{7EB57019-FE5A-49B2-AD22-D74FF8CD693A}.Debug|Any CPU.Build.0 = Debug|Any CPU
		{7EB57019-FE5A-49B2-AD22-D74FF8CD693A}.Release|Any CPU.ActiveCfg = Release|Any CPU
		{7EB57019-FE5A-49B2-AD22-D74FF8CD693A}.Release|Any CPU.Build.0 = Release|Any CPU
		{1FAF7B49-5CD4-4649-9958-1D4CD2A35CC5}.Debug|Any CPU.ActiveCfg = Debug|Any CPU
		{1FAF7B49-5CD4-4649-9958-1D4CD2A35CC5}.Debug|Any CPU.Build.0 = Debug|Any CPU
		{1FAF7B49-5CD4-4649-9958-1D4CD2A35CC5}.Release|Any CPU.ActiveCfg = Release|Any CPU
		{1FAF7B49-5CD4-4649-9958-1D4CD2A35CC5}.Release|Any CPU.Build.0 = Release|Any CPU
		{43C3706C-AFF5-45E0-884D-41AE5651B5C8}.Debug|Any CPU.ActiveCfg = Debug|Any CPU
		{43C3706C-AFF5-45E0-884D-41AE5651B5C8}.Debug|Any CPU.Build.0 = Debug|Any CPU
		{43C3706C-AFF5-45E0-884D-41AE5651B5C8}.Release|Any CPU.ActiveCfg = Release|Any CPU
		{43C3706C-AFF5-45E0-884D-41AE5651B5C8}.Release|Any CPU.Build.0 = Release|Any CPU
		{F318EC71-9895-44FB-9E01-18FBC7942583}.Debug|Any CPU.ActiveCfg = Debug|Any CPU
		{F318EC71-9895-44FB-9E01-18FBC7942583}.Debug|Any CPU.Build.0 = Debug|Any CPU
		{F318EC71-9895-44FB-9E01-18FBC7942583}.Release|Any CPU.ActiveCfg = Release|Any CPU
		{F318EC71-9895-44FB-9E01-18FBC7942583}.Release|Any CPU.Build.0 = Release|Any CPU
		{5567C2D4-8294-4D33-B1ED-B27A4B15B019}.Debug|Any CPU.ActiveCfg = Debug|Any CPU
		{5567C2D4-8294-4D33-B1ED-B27A4B15B019}.Debug|Any CPU.Build.0 = Debug|Any CPU
		{5567C2D4-8294-4D33-B1ED-B27A4B15B019}.Release|Any CPU.ActiveCfg = Release|Any CPU
		{5567C2D4-8294-4D33-B1ED-B27A4B15B019}.Release|Any CPU.Build.0 = Release|Any CPU
		{002274B5-96BA-4139-8759-AD455ADBCAC5}.Debug|Any CPU.ActiveCfg = Debug|Any CPU
		{002274B5-96BA-4139-8759-AD455ADBCAC5}.Debug|Any CPU.Build.0 = Debug|Any CPU
		{002274B5-96BA-4139-8759-AD455ADBCAC5}.Release|Any CPU.ActiveCfg = Release|Any CPU
		{002274B5-96BA-4139-8759-AD455ADBCAC5}.Release|Any CPU.Build.0 = Release|Any CPU
		{128FD2EF-EB60-487B-8B20-17DBA8A028D0}.Debug|Any CPU.ActiveCfg = Debug|Any CPU
		{128FD2EF-EB60-487B-8B20-17DBA8A028D0}.Debug|Any CPU.Build.0 = Debug|Any CPU
		{128FD2EF-EB60-487B-8B20-17DBA8A028D0}.Release|Any CPU.ActiveCfg = Release|Any CPU
		{128FD2EF-EB60-487B-8B20-17DBA8A028D0}.Release|Any CPU.Build.0 = Release|Any CPU
		{CFB41758-336D-4908-AA1B-BAAC9BDED3F4}.Debug|Any CPU.ActiveCfg = Debug|Any CPU
		{CFB41758-336D-4908-AA1B-BAAC9BDED3F4}.Debug|Any CPU.Build.0 = Debug|Any CPU
		{CFB41758-336D-4908-AA1B-BAAC9BDED3F4}.Release|Any CPU.ActiveCfg = Release|Any CPU
		{CFB41758-336D-4908-AA1B-BAAC9BDED3F4}.Release|Any CPU.Build.0 = Release|Any CPU
		{BF97332C-801E-4053-B0FD-D6AC36426CD8}.Debug|Any CPU.ActiveCfg = Debug|Any CPU
		{BF97332C-801E-4053-B0FD-D6AC36426CD8}.Debug|Any CPU.Build.0 = Debug|Any CPU
		{BF97332C-801E-4053-B0FD-D6AC36426CD8}.Release|Any CPU.ActiveCfg = Release|Any CPU
		{BF97332C-801E-4053-B0FD-D6AC36426CD8}.Release|Any CPU.Build.0 = Release|Any CPU
		{C24C402E-1B3F-4C0E-98D8-DCF9407B3ED8}.Debug|Any CPU.ActiveCfg = Debug|Any CPU
		{C24C402E-1B3F-4C0E-98D8-DCF9407B3ED8}.Debug|Any CPU.Build.0 = Debug|Any CPU
		{C24C402E-1B3F-4C0E-98D8-DCF9407B3ED8}.Release|Any CPU.ActiveCfg = Release|Any CPU
		{C24C402E-1B3F-4C0E-98D8-DCF9407B3ED8}.Release|Any CPU.Build.0 = Release|Any CPU
		{D8A2313D-BD39-442C-A3A1-CAA9B75517DF}.Debug|Any CPU.ActiveCfg = Debug|Any CPU
		{D8A2313D-BD39-442C-A3A1-CAA9B75517DF}.Debug|Any CPU.Build.0 = Debug|Any CPU
		{D8A2313D-BD39-442C-A3A1-CAA9B75517DF}.Release|Any CPU.ActiveCfg = Release|Any CPU
		{D8A2313D-BD39-442C-A3A1-CAA9B75517DF}.Release|Any CPU.Build.0 = Release|Any CPU
		{F5C79BF1-A6FA-4F64-B2EE-97AC92F85697}.Debug|Any CPU.ActiveCfg = Debug|Any CPU
		{F5C79BF1-A6FA-4F64-B2EE-97AC92F85697}.Debug|Any CPU.Build.0 = Debug|Any CPU
		{F5C79BF1-A6FA-4F64-B2EE-97AC92F85697}.Release|Any CPU.ActiveCfg = Release|Any CPU
		{F5C79BF1-A6FA-4F64-B2EE-97AC92F85697}.Release|Any CPU.Build.0 = Release|Any CPU
		{7BDF739E-6380-4A82-9D22-A6B322BD871F}.Debug|Any CPU.ActiveCfg = Debug|Any CPU
		{7BDF739E-6380-4A82-9D22-A6B322BD871F}.Debug|Any CPU.Build.0 = Debug|Any CPU
		{7BDF739E-6380-4A82-9D22-A6B322BD871F}.Release|Any CPU.ActiveCfg = Release|Any CPU
		{7BDF739E-6380-4A82-9D22-A6B322BD871F}.Release|Any CPU.Build.0 = Release|Any CPU
		{B9DF2265-FA6E-463A-B2E3-001866CBBC65}.Debug|Any CPU.ActiveCfg = Debug|Any CPU
		{B9DF2265-FA6E-463A-B2E3-001866CBBC65}.Debug|Any CPU.Build.0 = Debug|Any CPU
		{B9DF2265-FA6E-463A-B2E3-001866CBBC65}.Release|Any CPU.ActiveCfg = Release|Any CPU
		{B9DF2265-FA6E-463A-B2E3-001866CBBC65}.Release|Any CPU.Build.0 = Release|Any CPU
		{E16865F9-1437-4D3E-BAE9-D42BCFEEDD22}.Debug|Any CPU.ActiveCfg = Debug|Any CPU
		{E16865F9-1437-4D3E-BAE9-D42BCFEEDD22}.Debug|Any CPU.Build.0 = Debug|Any CPU
		{E16865F9-1437-4D3E-BAE9-D42BCFEEDD22}.Release|Any CPU.ActiveCfg = Release|Any CPU
		{E16865F9-1437-4D3E-BAE9-D42BCFEEDD22}.Release|Any CPU.Build.0 = Release|Any CPU
		{D19CEA76-D5FD-4827-A8BE-C65AAE448043}.Debug|Any CPU.ActiveCfg = Debug|Any CPU
		{D19CEA76-D5FD-4827-A8BE-C65AAE448043}.Debug|Any CPU.Build.0 = Debug|Any CPU
		{D19CEA76-D5FD-4827-A8BE-C65AAE448043}.Release|Any CPU.ActiveCfg = Release|Any CPU
		{D19CEA76-D5FD-4827-A8BE-C65AAE448043}.Release|Any CPU.Build.0 = Release|Any CPU
		{5DA29382-79B6-4A8C-B867-5C23566C3E44}.Debug|Any CPU.ActiveCfg = Debug|Any CPU
		{5DA29382-79B6-4A8C-B867-5C23566C3E44}.Debug|Any CPU.Build.0 = Debug|Any CPU
		{5DA29382-79B6-4A8C-B867-5C23566C3E44}.Release|Any CPU.ActiveCfg = Release|Any CPU
		{5DA29382-79B6-4A8C-B867-5C23566C3E44}.Release|Any CPU.Build.0 = Release|Any CPU
		{DC359349-DD72-4025-BABA-A41FACE91E75}.Debug|Any CPU.ActiveCfg = Debug|Any CPU
		{DC359349-DD72-4025-BABA-A41FACE91E75}.Debug|Any CPU.Build.0 = Debug|Any CPU
		{DC359349-DD72-4025-BABA-A41FACE91E75}.Release|Any CPU.ActiveCfg = Release|Any CPU
		{DC359349-DD72-4025-BABA-A41FACE91E75}.Release|Any CPU.Build.0 = Release|Any CPU
		{FA2CC165-6228-4755-B64E-0ED015AE8B10}.Debug|Any CPU.ActiveCfg = Debug|Any CPU
		{FA2CC165-6228-4755-B64E-0ED015AE8B10}.Debug|Any CPU.Build.0 = Debug|Any CPU
		{FA2CC165-6228-4755-B64E-0ED015AE8B10}.Release|Any CPU.ActiveCfg = Release|Any CPU
		{FA2CC165-6228-4755-B64E-0ED015AE8B10}.Release|Any CPU.Build.0 = Release|Any CPU
		{3548C517-41BF-462B-B0D8-FC1CF328A836}.Debug|Any CPU.ActiveCfg = Debug|Any CPU
		{3548C517-41BF-462B-B0D8-FC1CF328A836}.Debug|Any CPU.Build.0 = Debug|Any CPU
		{3548C517-41BF-462B-B0D8-FC1CF328A836}.Release|Any CPU.ActiveCfg = Release|Any CPU
		{3548C517-41BF-462B-B0D8-FC1CF328A836}.Release|Any CPU.Build.0 = Release|Any CPU
		{DF2CF047-99B2-42F5-8B94-030EE08F4913}.Debug|Any CPU.ActiveCfg = Debug|Any CPU
		{DF2CF047-99B2-42F5-8B94-030EE08F4913}.Debug|Any CPU.Build.0 = Debug|Any CPU
		{DF2CF047-99B2-42F5-8B94-030EE08F4913}.Release|Any CPU.ActiveCfg = Release|Any CPU
		{DF2CF047-99B2-42F5-8B94-030EE08F4913}.Release|Any CPU.Build.0 = Release|Any CPU
		{FB4DD2F1-AE6B-4798-97F6-B047F5783E74}.Debug|Any CPU.ActiveCfg = Debug|Any CPU
		{FB4DD2F1-AE6B-4798-97F6-B047F5783E74}.Debug|Any CPU.Build.0 = Debug|Any CPU
		{FB4DD2F1-AE6B-4798-97F6-B047F5783E74}.Release|Any CPU.ActiveCfg = Release|Any CPU
		{FB4DD2F1-AE6B-4798-97F6-B047F5783E74}.Release|Any CPU.Build.0 = Release|Any CPU
		{9FD297BE-67B1-4A12-A292-211BF6C5F671}.Debug|Any CPU.ActiveCfg = Debug|Any CPU
		{9FD297BE-67B1-4A12-A292-211BF6C5F671}.Debug|Any CPU.Build.0 = Debug|Any CPU
		{9FD297BE-67B1-4A12-A292-211BF6C5F671}.Release|Any CPU.ActiveCfg = Release|Any CPU
		{9FD297BE-67B1-4A12-A292-211BF6C5F671}.Release|Any CPU.Build.0 = Release|Any CPU
		{A12D6625-0166-4497-A5D1-5DDFB1C69581}.Debug|Any CPU.ActiveCfg = Debug|Any CPU
		{A12D6625-0166-4497-A5D1-5DDFB1C69581}.Debug|Any CPU.Build.0 = Debug|Any CPU
		{A12D6625-0166-4497-A5D1-5DDFB1C69581}.Release|Any CPU.ActiveCfg = Release|Any CPU
		{A12D6625-0166-4497-A5D1-5DDFB1C69581}.Release|Any CPU.Build.0 = Release|Any CPU
		{231BCC37-3480-4FCD-8D82-1A36FB1E613D}.Debug|Any CPU.ActiveCfg = Debug|Any CPU
		{231BCC37-3480-4FCD-8D82-1A36FB1E613D}.Debug|Any CPU.Build.0 = Debug|Any CPU
		{231BCC37-3480-4FCD-8D82-1A36FB1E613D}.Release|Any CPU.ActiveCfg = Release|Any CPU
		{231BCC37-3480-4FCD-8D82-1A36FB1E613D}.Release|Any CPU.Build.0 = Release|Any CPU
		{B925A45A-D41A-49E5-9957-263275E282B3}.Debug|Any CPU.ActiveCfg = Debug|Any CPU
		{B925A45A-D41A-49E5-9957-263275E282B3}.Debug|Any CPU.Build.0 = Debug|Any CPU
		{B925A45A-D41A-49E5-9957-263275E282B3}.Release|Any CPU.ActiveCfg = Release|Any CPU
		{B925A45A-D41A-49E5-9957-263275E282B3}.Release|Any CPU.Build.0 = Release|Any CPU
	EndGlobalSection
	GlobalSection(SolutionProperties) = preSolution
		HideSolutionNode = FALSE
	EndGlobalSection
	GlobalSection(ExtensibilityGlobals) = postSolution
		SolutionGuid = {8CF310E5-A7C6-4DCD-AE3E-85A5535D5B24}
	EndGlobalSection
EndGlobal
